// !$*UTF8*$!
{
	archiveVersion = 1;
	classes = {
	};
	objectVersion = 56;
	objects = {

/* Begin PBXBuildFile section */
		C0549F8C2C27C7DA001EFF10 /* AppDelegate.swift in Sources */ = {isa = PBXBuildFile; fileRef = C0549F8B2C27C7DA001EFF10 /* AppDelegate.swift */; };
		C0549F8E2C27C7DA001EFF10 /* SceneDelegate.swift in Sources */ = {isa = PBXBuildFile; fileRef = C0549F8D2C27C7DA001EFF10 /* SceneDelegate.swift */; };
		C0549F902C27C7DA001EFF10 /* ViewController.swift in Sources */ = {isa = PBXBuildFile; fileRef = C0549F8F2C27C7DA001EFF10 /* ViewController.swift */; };
		C0549F932C27C7DA001EFF10 /* Main.storyboard in Resources */ = {isa = PBXBuildFile; fileRef = C0549F912C27C7DA001EFF10 /* Main.storyboard */; };
		C0549F952C27C7DC001EFF10 /* Assets.xcassets in Resources */ = {isa = PBXBuildFile; fileRef = C0549F942C27C7DC001EFF10 /* Assets.xcassets */; };
		C0549F982C27C7DC001EFF10 /* LaunchScreen.storyboard in Resources */ = {isa = PBXBuildFile; fileRef = C0549F962C27C7DC001EFF10 /* LaunchScreen.storyboard */; };
		C07E954F2C2ACFC6005C7271 /* CodeNextViewController.swift in Sources */ = {isa = PBXBuildFile; fileRef = C07E954E2C2ACFC6005C7271 /* CodeNextViewController.swift */; };
		C07E95522C2AD57E005C7271 /* SegueNextViewController.swift in Sources */ = {isa = PBXBuildFile; fileRef = C07E95512C2AD57E005C7271 /* SegueNextViewController.swift */; };
		C07E95562C2D2902005C7271 /* ViewControllerTests.swift in Sources */ = {isa = PBXBuildFile; fileRef = C07E95552C2D2902005C7271 /* ViewControllerTests.swift */; };
		C07E95582C2D296C005C7271 /* TestHelpers.swift in Sources */ = {isa = PBXBuildFile; fileRef = C07E95572C2D296C005C7271 /* TestHelpers.swift */; };
		C07E955A2C2D67A5005C7271 /* ViewControllerPresentationSpy.xcframework in Frameworks */ = {isa = PBXBuildFile; fileRef = C07E95592C2D67A4005C7271 /* ViewControllerPresentationSpy.xcframework */; };
		C07E955D2C2D6A35005C7271 /* ViewControllerPresentationSpy.xcframework in Resources */ = {isa = PBXBuildFile; fileRef = C07E95592C2D67A4005C7271 /* ViewControllerPresentationSpy.xcframework */; };
/* End PBXBuildFile section */

/* Begin PBXContainerItemProxy section */
		C0549FA72C27C80D001EFF10 /* PBXContainerItemProxy */ = {
			isa = PBXContainerItemProxy;
			containerPortal = C0549F802C27C7D9001EFF10 /* Project object */;
			proxyType = 1;
			remoteGlobalIDString = C0549F872C27C7DA001EFF10;
			remoteInfo = TestingNavigation;
		};
/* End PBXContainerItemProxy section */

/* Begin PBXFileReference section */
		C0549F882C27C7DA001EFF10 /* TestingNavigation.app */ = {isa = PBXFileReference; explicitFileType = wrapper.application; includeInIndex = 0; path = TestingNavigation.app; sourceTree = BUILT_PRODUCTS_DIR; };
		C0549F8B2C27C7DA001EFF10 /* AppDelegate.swift */ = {isa = PBXFileReference; lastKnownFileType = sourcecode.swift; path = AppDelegate.swift; sourceTree = "<group>"; };
		C0549F8D2C27C7DA001EFF10 /* SceneDelegate.swift */ = {isa = PBXFileReference; lastKnownFileType = sourcecode.swift; path = SceneDelegate.swift; sourceTree = "<group>"; };
		C0549F8F2C27C7DA001EFF10 /* ViewController.swift */ = {isa = PBXFileReference; lastKnownFileType = sourcecode.swift; path = ViewController.swift; sourceTree = "<group>"; };
		C0549F922C27C7DA001EFF10 /* Base */ = {isa = PBXFileReference; lastKnownFileType = file.storyboard; name = Base; path = Base.lproj/Main.storyboard; sourceTree = "<group>"; };
		C0549F942C27C7DC001EFF10 /* Assets.xcassets */ = {isa = PBXFileReference; lastKnownFileType = folder.assetcatalog; path = Assets.xcassets; sourceTree = "<group>"; };
		C0549F972C27C7DC001EFF10 /* Base */ = {isa = PBXFileReference; lastKnownFileType = file.storyboard; name = Base; path = Base.lproj/LaunchScreen.storyboard; sourceTree = "<group>"; };
		C0549F992C27C7DC001EFF10 /* Info.plist */ = {isa = PBXFileReference; lastKnownFileType = text.plist.xml; path = Info.plist; sourceTree = "<group>"; };
		C0549FA32C27C80D001EFF10 /* TestingNavigationTests.xctest */ = {isa = PBXFileReference; explicitFileType = wrapper.cfbundle; includeInIndex = 0; path = TestingNavigationTests.xctest; sourceTree = BUILT_PRODUCTS_DIR; };
		C07E954E2C2ACFC6005C7271 /* CodeNextViewController.swift */ = {isa = PBXFileReference; lastKnownFileType = sourcecode.swift; path = CodeNextViewController.swift; sourceTree = "<group>"; };
		C07E95512C2AD57E005C7271 /* SegueNextViewController.swift */ = {isa = PBXFileReference; lastKnownFileType = sourcecode.swift; path = SegueNextViewController.swift; sourceTree = "<group>"; };
		C07E95552C2D2902005C7271 /* ViewControllerTests.swift */ = {isa = PBXFileReference; lastKnownFileType = sourcecode.swift; path = ViewControllerTests.swift; sourceTree = "<group>"; };
		C07E95572C2D296C005C7271 /* TestHelpers.swift */ = {isa = PBXFileReference; lastKnownFileType = sourcecode.swift; path = TestHelpers.swift; sourceTree = "<group>"; };
		C07E95592C2D67A4005C7271 /* ViewControllerPresentationSpy.xcframework */ = {isa = PBXFileReference; lastKnownFileType = wrapper.xcframework; path = ViewControllerPresentationSpy.xcframework; sourceTree = "<group>"; };
/* End PBXFileReference section */

/* Begin PBXFrameworksBuildPhase section */
		C0549F852C27C7DA001EFF10 /* Frameworks */ = {
			isa = PBXFrameworksBuildPhase;
			buildActionMask = 2147483647;
			files = (
			);
			runOnlyForDeploymentPostprocessing = 0;
		};
		C0549FA02C27C80D001EFF10 /* Frameworks */ = {
			isa = PBXFrameworksBuildPhase;
			buildActionMask = 2147483647;
			files = (
				C07E955A2C2D67A5005C7271 /* ViewControllerPresentationSpy.xcframework in Frameworks */,
			);
			runOnlyForDeploymentPostprocessing = 0;
		};
/* End PBXFrameworksBuildPhase section */

/* Begin PBXGroup section */
		C0549F7F2C27C7D9001EFF10 = {
			isa = PBXGroup;
			children = (
				C0549F8A2C27C7DA001EFF10 /* TestingNavigation */,
				C0549FA42C27C80D001EFF10 /* TestingNavigationTests */,
				C0549F892C27C7DA001EFF10 /* Products */,
			);
			sourceTree = "<group>";
		};
		C0549F892C27C7DA001EFF10 /* Products */ = {
			isa = PBXGroup;
			children = (
				C0549F882C27C7DA001EFF10 /* TestingNavigation.app */,
				C0549FA32C27C80D001EFF10 /* TestingNavigationTests.xctest */,
			);
			name = Products;
			sourceTree = "<group>";
		};
		C0549F8A2C27C7DA001EFF10 /* TestingNavigation */ = {
			isa = PBXGroup;
			children = (
				C0549F8B2C27C7DA001EFF10 /* AppDelegate.swift */,
				C0549F8D2C27C7DA001EFF10 /* SceneDelegate.swift */,
				C07E95502C2ACFD2005C7271 /* ViewControllers */,
				C0549F912C27C7DA001EFF10 /* Main.storyboard */,
				C0549F942C27C7DC001EFF10 /* Assets.xcassets */,
				C0549F962C27C7DC001EFF10 /* LaunchScreen.storyboard */,
				C0549F992C27C7DC001EFF10 /* Info.plist */,
			);
			path = TestingNavigation;
			sourceTree = "<group>";
		};
		C0549FA42C27C80D001EFF10 /* TestingNavigationTests */ = {
			isa = PBXGroup;
			children = (
				C07E95592C2D67A4005C7271 /* ViewControllerPresentationSpy.xcframework */,
				C07E95552C2D2902005C7271 /* ViewControllerTests.swift */,
				C07E95572C2D296C005C7271 /* TestHelpers.swift */,
			);
			path = TestingNavigationTests;
			sourceTree = "<group>";
		};
		C07E95502C2ACFD2005C7271 /* ViewControllers */ = {
			isa = PBXGroup;
			children = (
				C07E954E2C2ACFC6005C7271 /* CodeNextViewController.swift */,
				C0549F8F2C27C7DA001EFF10 /* ViewController.swift */,
				C07E95512C2AD57E005C7271 /* SegueNextViewController.swift */,
			);
			path = ViewControllers;
			sourceTree = "<group>";
		};
/* End PBXGroup section */

/* Begin PBXNativeTarget section */
		C0549F872C27C7DA001EFF10 /* TestingNavigation */ = {
			isa = PBXNativeTarget;
			buildConfigurationList = C0549F9C2C27C7DC001EFF10 /* Build configuration list for PBXNativeTarget "TestingNavigation" */;
			buildPhases = (
				C0549F842C27C7DA001EFF10 /* Sources */,
				C0549F852C27C7DA001EFF10 /* Frameworks */,
				C0549F862C27C7DA001EFF10 /* Resources */,
			);
			buildRules = (
			);
			dependencies = (
			);
			name = TestingNavigation;
			productName = TestingNavigation;
			productReference = C0549F882C27C7DA001EFF10 /* TestingNavigation.app */;
			productType = "com.apple.product-type.application";
		};
		C0549FA22C27C80D001EFF10 /* TestingNavigationTests */ = {
			isa = PBXNativeTarget;
			buildConfigurationList = C0549FA92C27C80D001EFF10 /* Build configuration list for PBXNativeTarget "TestingNavigationTests" */;
			buildPhases = (
				C0549F9F2C27C80D001EFF10 /* Sources */,
				C0549FA02C27C80D001EFF10 /* Frameworks */,
				C0549FA12C27C80D001EFF10 /* Resources */,
			);
			buildRules = (
			);
			dependencies = (
				C0549FA82C27C80D001EFF10 /* PBXTargetDependency */,
			);
			name = TestingNavigationTests;
			productName = TestingNavigationTests;
			productReference = C0549FA32C27C80D001EFF10 /* TestingNavigationTests.xctest */;
			productType = "com.apple.product-type.bundle.unit-test";
		};
/* End PBXNativeTarget section */

/* Begin PBXProject section */
		C0549F802C27C7D9001EFF10 /* Project object */ = {
			isa = PBXProject;
			attributes = {
				BuildIndependentTargetsInParallel = 1;
				LastSwiftUpdateCheck = 1520;
				LastUpgradeCheck = 1520;
				TargetAttributes = {
					C0549F872C27C7DA001EFF10 = {
						CreatedOnToolsVersion = 15.2;
					};
					C0549FA22C27C80D001EFF10 = {
						CreatedOnToolsVersion = 15.2;
						LastSwiftMigration = 1520;
						TestTargetID = C0549F872C27C7DA001EFF10;
					};
				};
			};
			buildConfigurationList = C0549F832C27C7D9001EFF10 /* Build configuration list for PBXProject "TestingNavigation" */;
			compatibilityVersion = "Xcode 14.0";
			developmentRegion = en;
			hasScannedForEncodings = 0;
			knownRegions = (
				en,
				Base,
			);
			mainGroup = C0549F7F2C27C7D9001EFF10;
			productRefGroup = C0549F892C27C7DA001EFF10 /* Products */;
			projectDirPath = "";
			projectRoot = "";
			targets = (
				C0549F872C27C7DA001EFF10 /* TestingNavigation */,
				C0549FA22C27C80D001EFF10 /* TestingNavigationTests */,
			);
		};
/* End PBXProject section */

/* Begin PBXResourcesBuildPhase section */
		C0549F862C27C7DA001EFF10 /* Resources */ = {
			isa = PBXResourcesBuildPhase;
			buildActionMask = 2147483647;
			files = (
				C0549F982C27C7DC001EFF10 /* LaunchScreen.storyboard in Resources */,
				C0549F952C27C7DC001EFF10 /* Assets.xcassets in Resources */,
				C0549F932C27C7DA001EFF10 /* Main.storyboard in Resources */,
			);
			runOnlyForDeploymentPostprocessing = 0;
		};
		C0549FA12C27C80D001EFF10 /* Resources */ = {
			isa = PBXResourcesBuildPhase;
			buildActionMask = 2147483647;
			files = (
				C07E955D2C2D6A35005C7271 /* ViewControllerPresentationSpy.xcframework in Resources */,
			);
			runOnlyForDeploymentPostprocessing = 0;
		};
/* End PBXResourcesBuildPhase section */

/* Begin PBXSourcesBuildPhase section */
		C0549F842C27C7DA001EFF10 /* Sources */ = {
			isa = PBXSourcesBuildPhase;
			buildActionMask = 2147483647;
			files = (
				C07E954F2C2ACFC6005C7271 /* CodeNextViewController.swift in Sources */,
				C07E95522C2AD57E005C7271 /* SegueNextViewController.swift in Sources */,
				C0549F902C27C7DA001EFF10 /* ViewController.swift in Sources */,
				C0549F8C2C27C7DA001EFF10 /* AppDelegate.swift in Sources */,
				C0549F8E2C27C7DA001EFF10 /* SceneDelegate.swift in Sources */,
			);
			runOnlyForDeploymentPostprocessing = 0;
		};
		C0549F9F2C27C80D001EFF10 /* Sources */ = {
			isa = PBXSourcesBuildPhase;
			buildActionMask = 2147483647;
			files = (
				C07E95562C2D2902005C7271 /* ViewControllerTests.swift in Sources */,
				C07E95582C2D296C005C7271 /* TestHelpers.swift in Sources */,
			);
			runOnlyForDeploymentPostprocessing = 0;
		};
/* End PBXSourcesBuildPhase section */

/* Begin PBXTargetDependency section */
		C0549FA82C27C80D001EFF10 /* PBXTargetDependency */ = {
			isa = PBXTargetDependency;
			target = C0549F872C27C7DA001EFF10 /* TestingNavigation */;
			targetProxy = C0549FA72C27C80D001EFF10 /* PBXContainerItemProxy */;
		};
/* End PBXTargetDependency section */

/* Begin PBXVariantGroup section */
		C0549F912C27C7DA001EFF10 /* Main.storyboard */ = {
			isa = PBXVariantGroup;
			children = (
				C0549F922C27C7DA001EFF10 /* Base */,
			);
			name = Main.storyboard;
			sourceTree = "<group>";
		};
		C0549F962C27C7DC001EFF10 /* LaunchScreen.storyboard */ = {
			isa = PBXVariantGroup;
			children = (
				C0549F972C27C7DC001EFF10 /* Base */,
			);
			name = LaunchScreen.storyboard;
			sourceTree = "<group>";
		};
/* End PBXVariantGroup section */

/* Begin XCBuildConfiguration section */
		C0549F9A2C27C7DC001EFF10 /* Debug */ = {
			isa = XCBuildConfiguration;
			buildSettings = {
				ALWAYS_SEARCH_USER_PATHS = NO;
				ASSETCATALOG_COMPILER_GENERATE_SWIFT_ASSET_SYMBOL_EXTENSIONS = YES;
				CLANG_ANALYZER_NONNULL = YES;
				CLANG_ANALYZER_NUMBER_OBJECT_CONVERSION = YES_AGGRESSIVE;
				CLANG_CXX_LANGUAGE_STANDARD = "gnu++20";
				CLANG_ENABLE_MODULES = YES;
				CLANG_ENABLE_OBJC_ARC = YES;
				CLANG_ENABLE_OBJC_WEAK = YES;
				CLANG_WARN_BLOCK_CAPTURE_AUTORELEASING = YES;
				CLANG_WARN_BOOL_CONVERSION = YES;
				CLANG_WARN_COMMA = YES;
				CLANG_WARN_CONSTANT_CONVERSION = YES;
				CLANG_WARN_DEPRECATED_OBJC_IMPLEMENTATIONS = YES;
				CLANG_WARN_DIRECT_OBJC_ISA_USAGE = YES_ERROR;
				CLANG_WARN_DOCUMENTATION_COMMENTS = YES;
				CLANG_WARN_EMPTY_BODY = YES;
				CLANG_WARN_ENUM_CONVERSION = YES;
				CLANG_WARN_INFINITE_RECURSION = YES;
				CLANG_WARN_INT_CONVERSION = YES;
				CLANG_WARN_NON_LITERAL_NULL_CONVERSION = YES;
				CLANG_WARN_OBJC_IMPLICIT_RETAIN_SELF = YES;
				CLANG_WARN_OBJC_LITERAL_CONVERSION = YES;
				CLANG_WARN_OBJC_ROOT_CLASS = YES_ERROR;
				CLANG_WARN_QUOTED_INCLUDE_IN_FRAMEWORK_HEADER = YES;
				CLANG_WARN_RANGE_LOOP_ANALYSIS = YES;
				CLANG_WARN_STRICT_PROTOTYPES = YES;
				CLANG_WARN_SUSPICIOUS_MOVE = YES;
				CLANG_WARN_UNGUARDED_AVAILABILITY = YES_AGGRESSIVE;
				CLANG_WARN_UNREACHABLE_CODE = YES;
				CLANG_WARN__DUPLICATE_METHOD_MATCH = YES;
				COPY_PHASE_STRIP = NO;
				DEBUG_INFORMATION_FORMAT = dwarf;
				ENABLE_STRICT_OBJC_MSGSEND = YES;
				ENABLE_TESTABILITY = YES;
				ENABLE_USER_SCRIPT_SANDBOXING = YES;
				GCC_C_LANGUAGE_STANDARD = gnu17;
				GCC_DYNAMIC_NO_PIC = NO;
				GCC_NO_COMMON_BLOCKS = YES;
				GCC_OPTIMIZATION_LEVEL = 0;
				GCC_PREPROCESSOR_DEFINITIONS = (
					"DEBUG=1",
					"$(inherited)",
				);
				GCC_WARN_64_TO_32_BIT_CONVERSION = YES;
				GCC_WARN_ABOUT_RETURN_TYPE = YES_ERROR;
				GCC_WARN_UNDECLARED_SELECTOR = YES;
				GCC_WARN_UNINITIALIZED_AUTOS = YES_AGGRESSIVE;
				GCC_WARN_UNUSED_FUNCTION = YES;
				GCC_WARN_UNUSED_VARIABLE = YES;
				IPHONEOS_DEPLOYMENT_TARGET = 17.2;
				LOCALIZATION_PREFERS_STRING_CATALOGS = YES;
				MTL_ENABLE_DEBUG_INFO = INCLUDE_SOURCE;
				MTL_FAST_MATH = YES;
				ONLY_ACTIVE_ARCH = YES;
				SDKROOT = iphoneos;
				SWIFT_ACTIVE_COMPILATION_CONDITIONS = "DEBUG $(inherited)";
				SWIFT_OPTIMIZATION_LEVEL = "-Onone";
			};
			name = Debug;
		};
		C0549F9B2C27C7DC001EFF10 /* Release */ = {
			isa = XCBuildConfiguration;
			buildSettings = {
				ALWAYS_SEARCH_USER_PATHS = NO;
				ASSETCATALOG_COMPILER_GENERATE_SWIFT_ASSET_SYMBOL_EXTENSIONS = YES;
				CLANG_ANALYZER_NONNULL = YES;
				CLANG_ANALYZER_NUMBER_OBJECT_CONVERSION = YES_AGGRESSIVE;
				CLANG_CXX_LANGUAGE_STANDARD = "gnu++20";
				CLANG_ENABLE_MODULES = YES;
				CLANG_ENABLE_OBJC_ARC = YES;
				CLANG_ENABLE_OBJC_WEAK = YES;
				CLANG_WARN_BLOCK_CAPTURE_AUTORELEASING = YES;
				CLANG_WARN_BOOL_CONVERSION = YES;
				CLANG_WARN_COMMA = YES;
				CLANG_WARN_CONSTANT_CONVERSION = YES;
				CLANG_WARN_DEPRECATED_OBJC_IMPLEMENTATIONS = YES;
				CLANG_WARN_DIRECT_OBJC_ISA_USAGE = YES_ERROR;
				CLANG_WARN_DOCUMENTATION_COMMENTS = YES;
				CLANG_WARN_EMPTY_BODY = YES;
				CLANG_WARN_ENUM_CONVERSION = YES;
				CLANG_WARN_INFINITE_RECURSION = YES;
				CLANG_WARN_INT_CONVERSION = YES;
				CLANG_WARN_NON_LITERAL_NULL_CONVERSION = YES;
				CLANG_WARN_OBJC_IMPLICIT_RETAIN_SELF = YES;
				CLANG_WARN_OBJC_LITERAL_CONVERSION = YES;
				CLANG_WARN_OBJC_ROOT_CLASS = YES_ERROR;
				CLANG_WARN_QUOTED_INCLUDE_IN_FRAMEWORK_HEADER = YES;
				CLANG_WARN_RANGE_LOOP_ANALYSIS = YES;
				CLANG_WARN_STRICT_PROTOTYPES = YES;
				CLANG_WARN_SUSPICIOUS_MOVE = YES;
				CLANG_WARN_UNGUARDED_AVAILABILITY = YES_AGGRESSIVE;
				CLANG_WARN_UNREACHABLE_CODE = YES;
				CLANG_WARN__DUPLICATE_METHOD_MATCH = YES;
				COPY_PHASE_STRIP = NO;
				DEBUG_INFORMATION_FORMAT = "dwarf-with-dsym";
				ENABLE_NS_ASSERTIONS = NO;
				ENABLE_STRICT_OBJC_MSGSEND = YES;
				ENABLE_USER_SCRIPT_SANDBOXING = YES;
				GCC_C_LANGUAGE_STANDARD = gnu17;
				GCC_NO_COMMON_BLOCKS = YES;
				GCC_WARN_64_TO_32_BIT_CONVERSION = YES;
				GCC_WARN_ABOUT_RETURN_TYPE = YES_ERROR;
				GCC_WARN_UNDECLARED_SELECTOR = YES;
				GCC_WARN_UNINITIALIZED_AUTOS = YES_AGGRESSIVE;
				GCC_WARN_UNUSED_FUNCTION = YES;
				GCC_WARN_UNUSED_VARIABLE = YES;
				IPHONEOS_DEPLOYMENT_TARGET = 17.2;
				LOCALIZATION_PREFERS_STRING_CATALOGS = YES;
				MTL_ENABLE_DEBUG_INFO = NO;
				MTL_FAST_MATH = YES;
				SDKROOT = iphoneos;
				SWIFT_COMPILATION_MODE = wholemodule;
				VALIDATE_PRODUCT = YES;
			};
			name = Release;
		};
		C0549F9D2C27C7DC001EFF10 /* Debug */ = {
			isa = XCBuildConfiguration;
			buildSettings = {
				ASSETCATALOG_COMPILER_APPICON_NAME = AppIcon;
				ASSETCATALOG_COMPILER_GLOBAL_ACCENT_COLOR_NAME = AccentColor;
				CODE_SIGN_STYLE = Automatic;
				CURRENT_PROJECT_VERSION = 1;
				DEVELOPMENT_TEAM = 9T6VTX7NFQ;
				GENERATE_INFOPLIST_FILE = YES;
				INFOPLIST_FILE = TestingNavigation/Info.plist;
				INFOPLIST_KEY_UIApplicationSupportsIndirectInputEvents = YES;
				INFOPLIST_KEY_UILaunchStoryboardName = LaunchScreen;
				INFOPLIST_KEY_UIMainStoryboardFile = Main;
				INFOPLIST_KEY_UISupportedInterfaceOrientations_iPad = "UIInterfaceOrientationPortrait UIInterfaceOrientationPortraitUpsideDown UIInterfaceOrientationLandscapeLeft UIInterfaceOrientationLandscapeRight";
				INFOPLIST_KEY_UISupportedInterfaceOrientations_iPhone = "UIInterfaceOrientationPortrait UIInterfaceOrientationLandscapeLeft UIInterfaceOrientationLandscapeRight";
				LD_RUNPATH_SEARCH_PATHS = (
					"$(inherited)",
					"@executable_path/Frameworks",
				);
				MARKETING_VERSION = 1.0;
				PRODUCT_BUNDLE_IDENTIFIER = com.zeusEX.com.TestingNavigation;
				PRODUCT_NAME = "$(TARGET_NAME)";
				SWIFT_EMIT_LOC_STRINGS = YES;
				SWIFT_VERSION = 5.0;
				TARGETED_DEVICE_FAMILY = "1,2";
			};
			name = Debug;
		};
		C0549F9E2C27C7DC001EFF10 /* Release */ = {
			isa = XCBuildConfiguration;
			buildSettings = {
				ASSETCATALOG_COMPILER_APPICON_NAME = AppIcon;
				ASSETCATALOG_COMPILER_GLOBAL_ACCENT_COLOR_NAME = AccentColor;
				CODE_SIGN_STYLE = Automatic;
				CURRENT_PROJECT_VERSION = 1;
				DEVELOPMENT_TEAM = 9T6VTX7NFQ;
				GENERATE_INFOPLIST_FILE = YES;
				INFOPLIST_FILE = TestingNavigation/Info.plist;
				INFOPLIST_KEY_UIApplicationSupportsIndirectInputEvents = YES;
				INFOPLIST_KEY_UILaunchStoryboardName = LaunchScreen;
				INFOPLIST_KEY_UIMainStoryboardFile = Main;
				INFOPLIST_KEY_UISupportedInterfaceOrientations_iPad = "UIInterfaceOrientationPortrait UIInterfaceOrientationPortraitUpsideDown UIInterfaceOrientationLandscapeLeft UIInterfaceOrientationLandscapeRight";
				INFOPLIST_KEY_UISupportedInterfaceOrientations_iPhone = "UIInterfaceOrientationPortrait UIInterfaceOrientationLandscapeLeft UIInterfaceOrientationLandscapeRight";
				LD_RUNPATH_SEARCH_PATHS = (
					"$(inherited)",
					"@executable_path/Frameworks",
				);
				MARKETING_VERSION = 1.0;
				PRODUCT_BUNDLE_IDENTIFIER = com.zeusEX.com.TestingNavigation;
				PRODUCT_NAME = "$(TARGET_NAME)";
				SWIFT_EMIT_LOC_STRINGS = YES;
				SWIFT_VERSION = 5.0;
				TARGETED_DEVICE_FAMILY = "1,2";
			};
			name = Release;
		};
		C0549FAA2C27C80D001EFF10 /* Debug */ = {
			isa = XCBuildConfiguration;
			buildSettings = {
				BUNDLE_LOADER = "$(TEST_HOST)";
				CLANG_ENABLE_MODULES = YES;
				CODE_SIGN_STYLE = Automatic;
				CURRENT_PROJECT_VERSION = 1;
				DEVELOPMENT_TEAM = 9T6VTX7NFQ;
				GENERATE_INFOPLIST_FILE = YES;
				MARKETING_VERSION = 1.0;
				PRODUCT_BUNDLE_IDENTIFIER = com.zeusEX.com.TestingNavigationTests;
				PRODUCT_NAME = "$(TARGET_NAME)";
				SWIFT_EMIT_LOC_STRINGS = NO;
				SWIFT_OPTIMIZATION_LEVEL = "-Onone";
				SWIFT_VERSION = 5.0;
				TARGETED_DEVICE_FAMILY = "1,2";
				TEST_HOST = "$(BUILT_PRODUCTS_DIR)/TestingNavigation.app/$(BUNDLE_EXECUTABLE_FOLDER_PATH)/TestingNavigation";
			};
			name = Debug;
		};
		C0549FAB2C27C80D001EFF10 /* Release */ = {
			isa = XCBuildConfiguration;
			buildSettings = {
				BUNDLE_LOADER = "$(TEST_HOST)";
				CLANG_ENABLE_MODULES = YES;
				CODE_SIGN_STYLE = Automatic;
				CURRENT_PROJECT_VERSION = 1;
				DEVELOPMENT_TEAM = 9T6VTX7NFQ;
				GENERATE_INFOPLIST_FILE = YES;
				MARKETING_VERSION = 1.0;
				PRODUCT_BUNDLE_IDENTIFIER = com.zeusEX.com.TestingNavigationTests;
				PRODUCT_NAME = "$(TARGET_NAME)";
				SWIFT_EMIT_LOC_STRINGS = NO;
				SWIFT_VERSION = 5.0;
				TARGETED_DEVICE_FAMILY = "1,2";
				TEST_HOST = "$(BUILT_PRODUCTS_DIR)/TestingNavigation.app/$(BUNDLE_EXECUTABLE_FOLDER_PATH)/TestingNavigation";
			};
			name = Release;
		};
/* End XCBuildConfiguration section */

/* Begin XCConfigurationList section */
		C0549F832C27C7D9001EFF10 /* Build configuration list for PBXProject "TestingNavigation" */ = {
			isa = XCConfigurationList;
			buildConfigurations = (
				C0549F9A2C27C7DC001EFF10 /* Debug */,
				C0549F9B2C27C7DC001EFF10 /* Release */,
			);
			defaultConfigurationIsVisible = 0;
			defaultConfigurationName = Release;
		};
		C0549F9C2C27C7DC001EFF10 /* Build configuration list for PBXNativeTarget "TestingNavigation" */ = {
			isa = XCConfigurationList;
			buildConfigurations = (
				C0549F9D2C27C7DC001EFF10 /* Debug */,
				C0549F9E2C27C7DC001EFF10 /* Release */,
			);
			defaultConfigurationIsVisible = 0;
			defaultConfigurationName = Release;
		};
		C0549FA92C27C80D001EFF10 /* Build configuration list for PBXNativeTarget "TestingNavigationTests" */ = {
			isa = XCConfigurationList;
			buildConfigurations = (
				C0549FAA2C27C80D001EFF10 /* Debug */,
				C0549FAB2C27C80D001EFF10 /* Release */,
			);
			defaultConfigurationIsVisible = 0;
			defaultConfigurationName = Release;
		};
/* End XCConfigurationList section */
	};
	rootObject = C0549F802C27C7D9001EFF10 /* Project object */;
}
